
Microsoft Visual Studio Solution File, Format Version 12.00
# Visual Studio 15
VisualStudioVersion = 15.0.26430.14
MinimumVisualStudioVersion = 10.0.40219.1
Project("{4DF76451-A46A-4C0B-BE03-459FAAFA07E6}") = "Power BI DOD API", "Power BI DOD API\Power BI DOD API.mproj", "{8BC16E0B-E9B6-4158-95FC-BED84C7E7469}"
EndProject
Global
	GlobalSection(SolutionConfigurationPlatforms) = preSolution
		Debug|x86 = Debug|x86
		Release|x86 = Release|x86
	EndGlobalSection
	GlobalSection(ProjectConfigurationPlatforms) = postSolution
		{8BC16E0B-E9B6-4158-95FC-BED84C7E7469}.Debug|x86.ActiveCfg = Debug|x86
		{8BC16E0B-E9B6-4158-95FC-BED84C7E7469}.Debug|x86.Build.0 = Debug|x86
		{8BC16E0B-E9B6-4158-95FC-BED84C7E7469}.Release|x86.ActiveCfg = Release|x86
		{8BC16E0B-E9B6-4158-95FC-BED84C7E7469}.Release|x86.Build.0 = Release|x86
	EndGlobalSection
	GlobalSection(SolutionProperties) = preSolution
		HideSolutionNode = FALSE
	EndGlobalSection
	GlobalSection(ExtensibilityGlobals) = postSolution
		SolutionGuid = {DB401934-A97D-4112-8056-07964326B143}
	EndGlobalSection
EndGlobal
