
Microsoft Visual Studio Solution File, Format Version 12.00
# Visual Studio 15
VisualStudioVersion = 15.0.26430.14
MinimumVisualStudioVersion = 10.0.40219.1
Project("{4DF76451-A46A-4C0B-BE03-459FAAFA07E6}") = "Power BI API", "Power BI API\Power BI API.mproj", "{DA81E830-1B66-4183-ABA4-379EBCE6BC45}"
EndProject
Global
	GlobalSection(SolutionConfigurationPlatforms) = preSolution
		Debug|x86 = Debug|x86
		Release|x86 = Release|x86
	EndGlobalSection
	GlobalSection(ProjectConfigurationPlatforms) = postSolution
		{DA81E830-1B66-4183-ABA4-379EBCE6BC45}.Debug|x86.ActiveCfg = Debug|x86
		{DA81E830-1B66-4183-ABA4-379EBCE6BC45}.Debug|x86.Build.0 = Debug|x86
		{DA81E830-1B66-4183-ABA4-379EBCE6BC45}.Release|x86.ActiveCfg = Release|x86
		{DA81E830-1B66-4183-ABA4-379EBCE6BC45}.Release|x86.Build.0 = Release|x86
	EndGlobalSection
	GlobalSection(SolutionProperties) = preSolution
		HideSolutionNode = FALSE
	EndGlobalSection
EndGlobal
