
Microsoft Visual Studio Solution File, Format Version 12.00
# Visual Studio 15
VisualStudioVersion = 15.0.26430.14
MinimumVisualStudioVersion = 10.0.40219.1
Project("{4DF76451-A46A-4C0B-BE03-459FAAFA07E6}") = "Power BI API", "Power BI API\Power BI API.mproj", "{C14CBDD0-8781-4D11-A9DF-8A542610428F}"
EndProject
Global
	GlobalSection(SolutionConfigurationPlatforms) = preSolution
		Debug|x86 = Debug|x86
		Release|x86 = Release|x86
	EndGlobalSection
	GlobalSection(ProjectConfigurationPlatforms) = postSolution
		{C14CBDD0-8781-4D11-A9DF-8A542610428F}.Debug|x86.ActiveCfg = Debug|x86
		{C14CBDD0-8781-4D11-A9DF-8A542610428F}.Debug|x86.Build.0 = Debug|x86
		{C14CBDD0-8781-4D11-A9DF-8A542610428F}.Release|x86.ActiveCfg = Release|x86
		{C14CBDD0-8781-4D11-A9DF-8A542610428F}.Release|x86.Build.0 = Release|x86
	EndGlobalSection
	GlobalSection(SolutionProperties) = preSolution
		HideSolutionNode = FALSE
	EndGlobalSection
EndGlobal
